// !$*UTF8*$!
{
	archiveVersion = 1;
	classes = {
	};
	objectVersion = 50;
	objects = {

/* Begin PBXBuildFile section */
		D70DCAAD26692B9B00168909 /* Battle.swift in Sources */ = {isa = PBXBuildFile; fileRef = D70DCAAC26692B9B00168909 /* Battle.swift */; };
		D7699B1926555D0B001F1DBA /* pokis.json in Resources */ = {isa = PBXBuildFile; fileRef = D7699B1826555D0B001F1DBA /* pokis.json */; };
		D7699B232655651A001F1DBA /* ViewModel.swift in Sources */ = {isa = PBXBuildFile; fileRef = D7699B222655651A001F1DBA /* ViewModel.swift */; };
		D7699B2E2655771A001F1DBA /* Services.swift in Sources */ = {isa = PBXBuildFile; fileRef = D7699B2D2655771A001F1DBA /* Services.swift */; };
		D79A65DF2654184F00CC7BB9 /* PokiMVVMUIApp.swift in Sources */ = {isa = PBXBuildFile; fileRef = D79A65DE2654184F00CC7BB9 /* PokiMVVMUIApp.swift */; };
		D79A65E12654184F00CC7BB9 /* ContentView.swift in Sources */ = {isa = PBXBuildFile; fileRef = D79A65E02654184F00CC7BB9 /* ContentView.swift */; };
		D79A65E32654185200CC7BB9 /* Assets.xcassets in Resources */ = {isa = PBXBuildFile; fileRef = D79A65E22654185200CC7BB9 /* Assets.xcassets */; };
		D79A65E62654185200CC7BB9 /* Preview Assets.xcassets in Resources */ = {isa = PBXBuildFile; fileRef = D79A65E52654185200CC7BB9 /* Preview Assets.xcassets */; };
		D79A65F9265420E400CC7BB9 /* Mobis.swift in Sources */ = {isa = PBXBuildFile; fileRef = D79A65F8265420E400CC7BB9 /* Mobis.swift */; };
		D7C7F7372663C077007E65C4 /* MobiRow.swift in Sources */ = {isa = PBXBuildFile; fileRef = D7C7F7362663C077007E65C4 /* MobiRow.swift */; };
		D7C7F73B2663CAE1007E65C4 /* MobiDetails.swift in Sources */ = {isa = PBXBuildFile; fileRef = D7C7F73A2663CAE1007E65C4 /* MobiDetails.swift */; };
/* End PBXBuildFile section */

/* Begin PBXFileReference section */
		D70DCAAC26692B9B00168909 /* Battle.swift */ = {isa = PBXFileReference; lastKnownFileType = sourcecode.swift; path = Battle.swift; sourceTree = "<group>"; };
		D7699B1826555D0B001F1DBA /* pokis.json */ = {isa = PBXFileReference; fileEncoding = 4; lastKnownFileType = text.json; path = pokis.json; sourceTree = "<group>"; };
		D7699B222655651A001F1DBA /* ViewModel.swift */ = {isa = PBXFileReference; lastKnownFileType = sourcecode.swift; path = ViewModel.swift; sourceTree = "<group>"; };
		D7699B2D2655771A001F1DBA /* Services.swift */ = {isa = PBXFileReference; lastKnownFileType = sourcecode.swift; path = Services.swift; sourceTree = "<group>"; };
		D79A65DB2654184E00CC7BB9 /* PokiMVVMUI.app */ = {isa = PBXFileReference; explicitFileType = wrapper.application; includeInIndex = 0; path = PokiMVVMUI.app; sourceTree = BUILT_PRODUCTS_DIR; };
		D79A65DE2654184F00CC7BB9 /* PokiMVVMUIApp.swift */ = {isa = PBXFileReference; lastKnownFileType = sourcecode.swift; path = PokiMVVMUIApp.swift; sourceTree = "<group>"; };
		D79A65E02654184F00CC7BB9 /* ContentView.swift */ = {isa = PBXFileReference; lastKnownFileType = sourcecode.swift; path = ContentView.swift; sourceTree = "<group>"; };
		D79A65E22654185200CC7BB9 /* Assets.xcassets */ = {isa = PBXFileReference; lastKnownFileType = folder.assetcatalog; path = Assets.xcassets; sourceTree = "<group>"; };
		D79A65E52654185200CC7BB9 /* Preview Assets.xcassets */ = {isa = PBXFileReference; lastKnownFileType = folder.assetcatalog; path = "Preview Assets.xcassets"; sourceTree = "<group>"; };
		D79A65E72654185200CC7BB9 /* Info.plist */ = {isa = PBXFileReference; lastKnownFileType = text.plist.xml; path = Info.plist; sourceTree = "<group>"; };
		D79A65F8265420E400CC7BB9 /* Mobis.swift */ = {isa = PBXFileReference; lastKnownFileType = sourcecode.swift; path = Mobis.swift; sourceTree = "<group>"; };
		D7C7F7362663C077007E65C4 /* MobiRow.swift */ = {isa = PBXFileReference; lastKnownFileType = sourcecode.swift; path = MobiRow.swift; sourceTree = "<group>"; };
		D7C7F73A2663CAE1007E65C4 /* MobiDetails.swift */ = {isa = PBXFileReference; lastKnownFileType = sourcecode.swift; path = MobiDetails.swift; sourceTree = "<group>"; };
/* End PBXFileReference section */

/* Begin PBXFrameworksBuildPhase section */
		D79A65D82654184E00CC7BB9 /* Frameworks */ = {
			isa = PBXFrameworksBuildPhase;
			buildActionMask = 2147483647;
			files = (
			);
			runOnlyForDeploymentPostprocessing = 0;
		};
/* End PBXFrameworksBuildPhase section */

/* Begin PBXGroup section */
		D79A65D22654184E00CC7BB9 = {
			isa = PBXGroup;
			children = (
				D79A65DD2654184E00CC7BB9 /* PokiMVVMUI */,
				D79A65DC2654184E00CC7BB9 /* Products */,
			);
			sourceTree = "<group>";
		};
		D79A65DC2654184E00CC7BB9 /* Products */ = {
			isa = PBXGroup;
			children = (
				D79A65DB2654184E00CC7BB9 /* PokiMVVMUI.app */,
			);
			name = Products;
			sourceTree = "<group>";
		};
		D79A65DD2654184E00CC7BB9 /* PokiMVVMUI */ = {
			isa = PBXGroup;
			children = (
				D79A65F3265418F300CC7BB9 /* Other */,
				D79A65F2265418E800CC7BB9 /* Graphics */,
				D79A65F1265418DE00CC7BB9 /* Services */,
				D79A65F0265418CE00CC7BB9 /* ViewModel */,
				D79A65EF265418C400CC7BB9 /* View */,
				D79A65F626541AA700CC7BB9 /* SubViews */,
				D79A65EE265418BC00CC7BB9 /* Model */,
				D79A65DE2654184F00CC7BB9 /* PokiMVVMUIApp.swift */,
				D79A65E22654185200CC7BB9 /* Assets.xcassets */,
				D79A65E72654185200CC7BB9 /* Info.plist */,
				D79A65E42654185200CC7BB9 /* Preview Content */,
			);
			path = PokiMVVMUI;
			sourceTree = "<group>";
		};
		D79A65E42654185200CC7BB9 /* Preview Content */ = {
			isa = PBXGroup;
			children = (
				D79A65E52654185200CC7BB9 /* Preview Assets.xcassets */,
			);
			path = "Preview Content";
			sourceTree = "<group>";
		};
		D79A65EE265418BC00CC7BB9 /* Model */ = {
			isa = PBXGroup;
			children = (
				D7699B1826555D0B001F1DBA /* pokis.json */,
				D79A65F8265420E400CC7BB9 /* Mobis.swift */,
			);
			path = Model;
			sourceTree = "<group>";
		};
		D79A65EF265418C400CC7BB9 /* View */ = {
			isa = PBXGroup;
			children = (
				D79A65E02654184F00CC7BB9 /* ContentView.swift */,
				D7C7F73A2663CAE1007E65C4 /* MobiDetails.swift */,
			);
			path = View;
			sourceTree = "<group>";
		};
		D79A65F0265418CE00CC7BB9 /* ViewModel */ = {
			isa = PBXGroup;
			children = (
				D7699B222655651A001F1DBA /* ViewModel.swift */,
			);
			path = ViewModel;
			sourceTree = "<group>";
		};
		D79A65F1265418DE00CC7BB9 /* Services */ = {
			isa = PBXGroup;
			children = (
				D7699B2D2655771A001F1DBA /* Services.swift */,
				D70DCAAC26692B9B00168909 /* Battle.swift */,
			);
			path = Services;
			sourceTree = "<group>";
		};
		D79A65F2265418E800CC7BB9 /* Graphics */ = {
			isa = PBXGroup;
			children = (
			);
			path = Graphics;
			sourceTree = "<group>";
		};
		D79A65F3265418F300CC7BB9 /* Other */ = {
			isa = PBXGroup;
			children = (
			);
			path = Other;
			sourceTree = "<group>";
		};
		D79A65F626541AA700CC7BB9 /* SubViews */ = {
			isa = PBXGroup;
			children = (
				D7C7F7362663C077007E65C4 /* MobiRow.swift */,
			);
			path = SubViews;
			sourceTree = "<group>";
		};
/* End PBXGroup section */

/* Begin PBXNativeTarget section */
		D79A65DA2654184E00CC7BB9 /* PokiMVVMUI */ = {
			isa = PBXNativeTarget;
			buildConfigurationList = D79A65EA2654185200CC7BB9 /* Build configuration list for PBXNativeTarget "PokiMVVMUI" */;
			buildPhases = (
				D79A65D72654184E00CC7BB9 /* Sources */,
				D79A65D82654184E00CC7BB9 /* Frameworks */,
				D79A65D92654184E00CC7BB9 /* Resources */,
				D79A65F426541A6600CC7BB9 /* ShellScript */,
			);
			buildRules = (
			);
			dependencies = (
			);
			name = PokiMVVMUI;
			productName = PokiMVVMUI;
			productReference = D79A65DB2654184E00CC7BB9 /* PokiMVVMUI.app */;
			productType = "com.apple.product-type.application";
		};
/* End PBXNativeTarget section */

/* Begin PBXProject section */
		D79A65D32654184E00CC7BB9 /* Project object */ = {
			isa = PBXProject;
			attributes = {
				LastSwiftUpdateCheck = 1220;
				LastUpgradeCheck = 1220;
				TargetAttributes = {
					D79A65DA2654184E00CC7BB9 = {
						CreatedOnToolsVersion = 12.2;
					};
				};
			};
			buildConfigurationList = D79A65D62654184E00CC7BB9 /* Build configuration list for PBXProject "PokiMVVMUI" */;
			compatibilityVersion = "Xcode 9.3";
			developmentRegion = en;
			hasScannedForEncodings = 0;
			knownRegions = (
				en,
				Base,
			);
			mainGroup = D79A65D22654184E00CC7BB9;
			productRefGroup = D79A65DC2654184E00CC7BB9 /* Products */;
			projectDirPath = "";
			projectRoot = "";
			targets = (
				D79A65DA2654184E00CC7BB9 /* PokiMVVMUI */,
			);
		};
/* End PBXProject section */

/* Begin PBXResourcesBuildPhase section */
		D79A65D92654184E00CC7BB9 /* Resources */ = {
			isa = PBXResourcesBuildPhase;
			buildActionMask = 2147483647;
			files = (
				D79A65E62654185200CC7BB9 /* Preview Assets.xcassets in Resources */,
				D7699B1926555D0B001F1DBA /* pokis.json in Resources */,
				D79A65E32654185200CC7BB9 /* Assets.xcassets in Resources */,
			);
			runOnlyForDeploymentPostprocessing = 0;
		};
/* End PBXResourcesBuildPhase section */

/* Begin PBXShellScriptBuildPhase section */
		D79A65F426541A6600CC7BB9 /* ShellScript */ = {
			isa = PBXShellScriptBuildPhase;
			buildActionMask = 2147483647;
			files = (
			);
			inputFileListPaths = (
			);
			inputPaths = (
			);
			outputFileListPaths = (
			);
			outputPaths = (
			);
			runOnlyForDeploymentPostprocessing = 0;
			shellPath = /bin/sh;
			shellScript = "if which swiftlint >/dev/null; then\nswiftlint\nelse\necho \"warning:SwiftLintnotinstalled,downloadfromhttps://github.com/realm/SwiftLint\"\nfi\n";
		};
/* End PBXShellScriptBuildPhase section */

/* Begin PBXSourcesBuildPhase section */
		D79A65D72654184E00CC7BB9 /* Sources */ = {
			isa = PBXSourcesBuildPhase;
			buildActionMask = 2147483647;
			files = (
				D7C7F73B2663CAE1007E65C4 /* MobiDetails.swift in Sources */,
				D79A65E12654184F00CC7BB9 /* ContentView.swift in Sources */,
				D79A65F9265420E400CC7BB9 /* Mobis.swift in Sources */,
				D70DCAAD26692B9B00168909 /* Battle.swift in Sources */,
				D79A65DF2654184F00CC7BB9 /* PokiMVVMUIApp.swift in Sources */,
				D7699B2E2655771A001F1DBA /* Services.swift in Sources */,
				D7699B232655651A001F1DBA /* ViewModel.swift in Sources */,
				D7C7F7372663C077007E65C4 /* MobiRow.swift in Sources */,
			);
			runOnlyForDeploymentPostprocessing = 0;
		};
/* End PBXSourcesBuildPhase section */

/* Begin XCBuildConfiguration section */
		D79A65E82654185200CC7BB9 /* Debug */ = {
			isa = XCBuildConfiguration;
			buildSettings = {
				ALWAYS_SEARCH_USER_PATHS = NO;
				CLANG_ANALYZER_NONNULL = YES;
				CLANG_ANALYZER_NUMBER_OBJECT_CONVERSION = YES_AGGRESSIVE;
				CLANG_CXX_LANGUAGE_STANDARD = "gnu++14";
				CLANG_CXX_LIBRARY = "libc++";
				CLANG_ENABLE_MODULES = YES;
				CLANG_ENABLE_OBJC_ARC = YES;
				CLANG_ENABLE_OBJC_WEAK = YES;
				CLANG_WARN_BLOCK_CAPTURE_AUTORELEASING = YES;
				CLANG_WARN_BOOL_CONVERSION = YES;
				CLANG_WARN_COMMA = YES;
				CLANG_WARN_CONSTANT_CONVERSION = YES;
				CLANG_WARN_DEPRECATED_OBJC_IMPLEMENTATIONS = YES;
				CLANG_WARN_DIRECT_OBJC_ISA_USAGE = YES_ERROR;
				CLANG_WARN_DOCUMENTATION_COMMENTS = YES;
				CLANG_WARN_EMPTY_BODY = YES;
				CLANG_WARN_ENUM_CONVERSION = YES;
				CLANG_WARN_INFINITE_RECURSION = YES;
				CLANG_WARN_INT_CONVERSION = YES;
				CLANG_WARN_NON_LITERAL_NULL_CONVERSION = YES;
				CLANG_WARN_OBJC_IMPLICIT_RETAIN_SELF = YES;
				CLANG_WARN_OBJC_LITERAL_CONVERSION = YES;
				CLANG_WARN_OBJC_ROOT_CLASS = YES_ERROR;
				CLANG_WARN_QUOTED_INCLUDE_IN_FRAMEWORK_HEADER = YES;
				CLANG_WARN_RANGE_LOOP_ANALYSIS = YES;
				CLANG_WARN_STRICT_PROTOTYPES = YES;
				CLANG_WARN_SUSPICIOUS_MOVE = YES;
				CLANG_WARN_UNGUARDED_AVAILABILITY = YES_AGGRESSIVE;
				CLANG_WARN_UNREACHABLE_CODE = YES;
				CLANG_WARN__DUPLICATE_METHOD_MATCH = YES;
				COPY_PHASE_STRIP = NO;
				DEBUG_INFORMATION_FORMAT = dwarf;
				ENABLE_STRICT_OBJC_MSGSEND = YES;
				ENABLE_TESTABILITY = YES;
				GCC_C_LANGUAGE_STANDARD = gnu11;
				GCC_DYNAMIC_NO_PIC = NO;
				GCC_NO_COMMON_BLOCKS = YES;
				GCC_OPTIMIZATION_LEVEL = 0;
				GCC_PREPROCESSOR_DEFINITIONS = (
					"DEBUG=1",
					"$(inherited)",
				);
				GCC_WARN_64_TO_32_BIT_CONVERSION = YES;
				GCC_WARN_ABOUT_RETURN_TYPE = YES_ERROR;
				GCC_WARN_UNDECLARED_SELECTOR = YES;
				GCC_WARN_UNINITIALIZED_AUTOS = YES_AGGRESSIVE;
				GCC_WARN_UNUSED_FUNCTION = YES;
				GCC_WARN_UNUSED_VARIABLE = YES;
				IPHONEOS_DEPLOYMENT_TARGET = 14.2;
				MTL_ENABLE_DEBUG_INFO = INCLUDE_SOURCE;
				MTL_FAST_MATH = YES;
				ONLY_ACTIVE_ARCH = YES;
				SDKROOT = iphoneos;
				SWIFT_ACTIVE_COMPILATION_CONDITIONS = DEBUG;
				SWIFT_OPTIMIZATION_LEVEL = "-Onone";
			};
			name = Debug;
		};
		D79A65E92654185200CC7BB9 /* Release */ = {
			isa = XCBuildConfiguration;
			buildSettings = {
				ALWAYS_SEARCH_USER_PATHS = NO;
				CLANG_ANALYZER_NONNULL = YES;
				CLANG_ANALYZER_NUMBER_OBJECT_CONVERSION = YES_AGGRESSIVE;
				CLANG_CXX_LANGUAGE_STANDARD = "gnu++14";
				CLANG_CXX_LIBRARY = "libc++";
				CLANG_ENABLE_MODULES = YES;
				CLANG_ENABLE_OBJC_ARC = YES;
				CLANG_ENABLE_OBJC_WEAK = YES;
				CLANG_WARN_BLOCK_CAPTURE_AUTORELEASING = YES;
				CLANG_WARN_BOOL_CONVERSION = YES;
				CLANG_WARN_COMMA = YES;
				CLANG_WARN_CONSTANT_CONVERSION = YES;
				CLANG_WARN_DEPRECATED_OBJC_IMPLEMENTATIONS = YES;
				CLANG_WARN_DIRECT_OBJC_ISA_USAGE = YES_ERROR;
				CLANG_WARN_DOCUMENTATION_COMMENTS = YES;
				CLANG_WARN_EMPTY_BODY = YES;
				CLANG_WARN_ENUM_CONVERSION = YES;
				CLANG_WARN_INFINITE_RECURSION = YES;
				CLANG_WARN_INT_CONVERSION = YES;
				CLANG_WARN_NON_LITERAL_NULL_CONVERSION = YES;
				CLANG_WARN_OBJC_IMPLICIT_RETAIN_SELF = YES;
				CLANG_WARN_OBJC_LITERAL_CONVERSION = YES;
				CLANG_WARN_OBJC_ROOT_CLASS = YES_ERROR;
				CLANG_WARN_QUOTED_INCLUDE_IN_FRAMEWORK_HEADER = YES;
				CLANG_WARN_RANGE_LOOP_ANALYSIS = YES;
				CLANG_WARN_STRICT_PROTOTYPES = YES;
				CLANG_WARN_SUSPICIOUS_MOVE = YES;
				CLANG_WARN_UNGUARDED_AVAILABILITY = YES_AGGRESSIVE;
				CLANG_WARN_UNREACHABLE_CODE = YES;
				CLANG_WARN__DUPLICATE_METHOD_MATCH = YES;
				COPY_PHASE_STRIP = NO;
				DEBUG_INFORMATION_FORMAT = "dwarf-with-dsym";
				ENABLE_NS_ASSERTIONS = NO;
				ENABLE_STRICT_OBJC_MSGSEND = YES;
				GCC_C_LANGUAGE_STANDARD = gnu11;
				GCC_NO_COMMON_BLOCKS = YES;
				GCC_WARN_64_TO_32_BIT_CONVERSION = YES;
				GCC_WARN_ABOUT_RETURN_TYPE = YES_ERROR;
				GCC_WARN_UNDECLARED_SELECTOR = YES;
				GCC_WARN_UNINITIALIZED_AUTOS = YES_AGGRESSIVE;
				GCC_WARN_UNUSED_FUNCTION = YES;
				GCC_WARN_UNUSED_VARIABLE = YES;
				IPHONEOS_DEPLOYMENT_TARGET = 14.2;
				MTL_ENABLE_DEBUG_INFO = NO;
				MTL_FAST_MATH = YES;
				SDKROOT = iphoneos;
				SWIFT_COMPILATION_MODE = wholemodule;
				SWIFT_OPTIMIZATION_LEVEL = "-O";
				VALIDATE_PRODUCT = YES;
			};
			name = Release;
		};
		D79A65EB2654185200CC7BB9 /* Debug */ = {
			isa = XCBuildConfiguration;
			buildSettings = {
				ASSETCATALOG_COMPILER_APPICON_NAME = AppIcon;
				ASSETCATALOG_COMPILER_GLOBAL_ACCENT_COLOR_NAME = AccentColor;
				CODE_SIGN_STYLE = Automatic;
				DEVELOPMENT_ASSET_PATHS = "\"PokiMVVMUI/Preview Content\"";
				DEVELOPMENT_TEAM = V4B9WRAZKW;
				ENABLE_PREVIEWS = YES;
				INFOPLIST_FILE = PokiMVVMUI/Info.plist;
				IPHONEOS_DEPLOYMENT_TARGET = 14.0;
				LD_RUNPATH_SEARCH_PATHS = (
					"$(inherited)",
					"@executable_path/Frameworks",
				);
				PRODUCT_BUNDLE_IDENTIFIER = eu.rjch.PokiMVVMUI;
				PRODUCT_NAME = "$(TARGET_NAME)";
				SWIFT_VERSION = 5.0;
				TARGETED_DEVICE_FAMILY = "1,2";
			};
			name = Debug;
		};
		D79A65EC2654185200CC7BB9 /* Release */ = {
			isa = XCBuildConfiguration;
			buildSettings = {
				ASSETCATALOG_COMPILER_APPICON_NAME = AppIcon;
				ASSETCATALOG_COMPILER_GLOBAL_ACCENT_COLOR_NAME = AccentColor;
				CODE_SIGN_STYLE = Automatic;
				DEVELOPMENT_ASSET_PATHS = "\"PokiMVVMUI/Preview Content\"";
				DEVELOPMENT_TEAM = V4B9WRAZKW;
				ENABLE_PREVIEWS = YES;
				INFOPLIST_FILE = PokiMVVMUI/Info.plist;
				IPHONEOS_DEPLOYMENT_TARGET = 14.0;
				LD_RUNPATH_SEARCH_PATHS = (
					"$(inherited)",
					"@executable_path/Frameworks",
				);
				PRODUCT_BUNDLE_IDENTIFIER = eu.rjch.PokiMVVMUI;
				PRODUCT_NAME = "$(TARGET_NAME)";
				SWIFT_VERSION = 5.0;
				TARGETED_DEVICE_FAMILY = "1,2";
			};
			name = Release;
		};
/* End XCBuildConfiguration section */

/* Begin XCConfigurationList section */
		D79A65D62654184E00CC7BB9 /* Build configuration list for PBXProject "PokiMVVMUI" */ = {
			isa = XCConfigurationList;
			buildConfigurations = (
				D79A65E82654185200CC7BB9 /* Debug */,
				D79A65E92654185200CC7BB9 /* Release */,
			);
			defaultConfigurationIsVisible = 0;
			defaultConfigurationName = Release;
		};
		D79A65EA2654185200CC7BB9 /* Build configuration list for PBXNativeTarget "PokiMVVMUI" */ = {
			isa = XCConfigurationList;
			buildConfigurations = (
				D79A65EB2654185200CC7BB9 /* Debug */,
				D79A65EC2654185200CC7BB9 /* Release */,
			);
			defaultConfigurationIsVisible = 0;
			defaultConfigurationName = Release;
		};
/* End XCConfigurationList section */
	};
	rootObject = D79A65D32654184E00CC7BB9 /* Project object */;
}
