// !$*UTF8*$!
{
	archiveVersion = 1;
	classes = {
	};
	objectVersion = 50;
	objects = {

/* Begin PBXBuildFile section */
		D707B2AB256AE59300774DCB /* Transactions.json in Resources */ = {isa = PBXBuildFile; fileRef = D707B2AA256AE59300774DCB /* Transactions.json */; };
		D707B2AD256B003400774DCB /* Transactions.swift in Sources */ = {isa = PBXBuildFile; fileRef = D707B2AC256B003400774DCB /* Transactions.swift */; };
		D777459C2566B9A300F8DD06 /* DetailsViewController.swift in Sources */ = {isa = PBXBuildFile; fileRef = D777459B2566B9A300F8DD06 /* DetailsViewController.swift */; };
		D77FF832256582BC00C4E93C /* AppDelegate.swift in Sources */ = {isa = PBXBuildFile; fileRef = D77FF831256582BC00C4E93C /* AppDelegate.swift */; };
		D77FF834256582BC00C4E93C /* SceneDelegate.swift in Sources */ = {isa = PBXBuildFile; fileRef = D77FF833256582BC00C4E93C /* SceneDelegate.swift */; };
		D77FF836256582BC00C4E93C /* ViewController.swift in Sources */ = {isa = PBXBuildFile; fileRef = D77FF835256582BC00C4E93C /* ViewController.swift */; };
		D77FF839256582BC00C4E93C /* Main.storyboard in Resources */ = {isa = PBXBuildFile; fileRef = D77FF837256582BC00C4E93C /* Main.storyboard */; };
		D77FF83B256582BF00C4E93C /* Assets.xcassets in Resources */ = {isa = PBXBuildFile; fileRef = D77FF83A256582BF00C4E93C /* Assets.xcassets */; };
		D77FF83E256582BF00C4E93C /* LaunchScreen.storyboard in Resources */ = {isa = PBXBuildFile; fileRef = D77FF83C256582BF00C4E93C /* LaunchScreen.storyboard */; };
		D77FF84C256584DA00C4E93C /* Accounts.json in Resources */ = {isa = PBXBuildFile; fileRef = D77FF84B256584D900C4E93C /* Accounts.json */; };
		D77FF84E2565853900C4E93C /* AccountModel.swift in Sources */ = {isa = PBXBuildFile; fileRef = D77FF84D2565853900C4E93C /* AccountModel.swift */; };
		D77FF850256585C300C4E93C /* APIServices.swift in Sources */ = {isa = PBXBuildFile; fileRef = D77FF84F256585C300C4E93C /* APIServices.swift */; };
		D77FF85425658EA100C4E93C /* AccountCellTableViewCell.swift in Sources */ = {isa = PBXBuildFile; fileRef = D77FF85225658EA100C4E93C /* AccountCellTableViewCell.swift */; };
		D77FF85525658EA100C4E93C /* AccountCellTableViewCell.xib in Resources */ = {isa = PBXBuildFile; fileRef = D77FF85325658EA100C4E93C /* AccountCellTableViewCell.xib */; };
/* End PBXBuildFile section */

/* Begin PBXFileReference section */
		D707B2AA256AE59300774DCB /* Transactions.json */ = {isa = PBXFileReference; fileEncoding = 4; lastKnownFileType = text.json; path = Transactions.json; sourceTree = "<group>"; };
		D707B2AC256B003400774DCB /* Transactions.swift */ = {isa = PBXFileReference; lastKnownFileType = sourcecode.swift; path = Transactions.swift; sourceTree = "<group>"; };
		D777459B2566B9A300F8DD06 /* DetailsViewController.swift */ = {isa = PBXFileReference; lastKnownFileType = sourcecode.swift; path = DetailsViewController.swift; sourceTree = "<group>"; };
		D77FF82E256582BC00C4E93C /* FirstCEPUIKit.app */ = {isa = PBXFileReference; explicitFileType = wrapper.application; includeInIndex = 0; path = FirstCEPUIKit.app; sourceTree = BUILT_PRODUCTS_DIR; };
		D77FF831256582BC00C4E93C /* AppDelegate.swift */ = {isa = PBXFileReference; lastKnownFileType = sourcecode.swift; path = AppDelegate.swift; sourceTree = "<group>"; };
		D77FF833256582BC00C4E93C /* SceneDelegate.swift */ = {isa = PBXFileReference; lastKnownFileType = sourcecode.swift; path = SceneDelegate.swift; sourceTree = "<group>"; };
		D77FF835256582BC00C4E93C /* ViewController.swift */ = {isa = PBXFileReference; lastKnownFileType = sourcecode.swift; path = ViewController.swift; sourceTree = "<group>"; };
		D77FF838256582BC00C4E93C /* Base */ = {isa = PBXFileReference; lastKnownFileType = file.storyboard; name = Base; path = Base.lproj/Main.storyboard; sourceTree = "<group>"; };
		D77FF83A256582BF00C4E93C /* Assets.xcassets */ = {isa = PBXFileReference; lastKnownFileType = folder.assetcatalog; path = Assets.xcassets; sourceTree = "<group>"; };
		D77FF83D256582BF00C4E93C /* Base */ = {isa = PBXFileReference; lastKnownFileType = file.storyboard; name = Base; path = Base.lproj/LaunchScreen.storyboard; sourceTree = "<group>"; };
		D77FF83F256582BF00C4E93C /* Info.plist */ = {isa = PBXFileReference; lastKnownFileType = text.plist.xml; path = Info.plist; sourceTree = "<group>"; };
		D77FF84B256584D900C4E93C /* Accounts.json */ = {isa = PBXFileReference; fileEncoding = 4; lastKnownFileType = text.json; path = Accounts.json; sourceTree = "<group>"; };
		D77FF84D2565853900C4E93C /* AccountModel.swift */ = {isa = PBXFileReference; lastKnownFileType = sourcecode.swift; path = AccountModel.swift; sourceTree = "<group>"; };
		D77FF84F256585C300C4E93C /* APIServices.swift */ = {isa = PBXFileReference; lastKnownFileType = sourcecode.swift; path = APIServices.swift; sourceTree = "<group>"; };
		D77FF85225658EA100C4E93C /* AccountCellTableViewCell.swift */ = {isa = PBXFileReference; lastKnownFileType = sourcecode.swift; path = AccountCellTableViewCell.swift; sourceTree = "<group>"; };
		D77FF85325658EA100C4E93C /* AccountCellTableViewCell.xib */ = {isa = PBXFileReference; lastKnownFileType = file.xib; path = AccountCellTableViewCell.xib; sourceTree = "<group>"; };
/* End PBXFileReference section */

/* Begin PBXFrameworksBuildPhase section */
		D77FF82B256582BC00C4E93C /* Frameworks */ = {
			isa = PBXFrameworksBuildPhase;
			buildActionMask = 2147483647;
			files = (
			);
			runOnlyForDeploymentPostprocessing = 0;
		};
/* End PBXFrameworksBuildPhase section */

/* Begin PBXGroup section */
		D77FF825256582BC00C4E93C = {
			isa = PBXGroup;
			children = (
				D77FF830256582BC00C4E93C /* FirstCEPUIKit */,
				D77FF82F256582BC00C4E93C /* Products */,
			);
			sourceTree = "<group>";
		};
		D77FF82F256582BC00C4E93C /* Products */ = {
			isa = PBXGroup;
			children = (
				D77FF82E256582BC00C4E93C /* FirstCEPUIKit.app */,
			);
			name = Products;
			sourceTree = "<group>";
		};
		D77FF830256582BC00C4E93C /* FirstCEPUIKit */ = {
			isa = PBXGroup;
			children = (
				D77FF84A256584C300C4E93C /* JSON */,
				D77FF8472565847100C4E93C /* Model */,
				D77FF8462565846300C4E93C /* ViewModel */,
				D77FF8452565845600C4E93C /* View */,
				D77FF8492565849E00C4E93C /* Storyboards */,
				D77FF85125658E4600C4E93C /* Storyboard Elements */,
				D77FF8482565847A00C4E93C /* AppDefaults */,
				D77FF83F256582BF00C4E93C /* Info.plist */,
			);
			path = FirstCEPUIKit;
			sourceTree = "<group>";
		};
		D77FF8452565845600C4E93C /* View */ = {
			isa = PBXGroup;
			children = (
				D77FF835256582BC00C4E93C /* ViewController.swift */,
				D777459B2566B9A300F8DD06 /* DetailsViewController.swift */,
			);
			path = View;
			sourceTree = "<group>";
		};
		D77FF8462565846300C4E93C /* ViewModel */ = {
			isa = PBXGroup;
			children = (
				D77FF84F256585C300C4E93C /* APIServices.swift */,
			);
			path = ViewModel;
			sourceTree = "<group>";
		};
		D77FF8472565847100C4E93C /* Model */ = {
			isa = PBXGroup;
			children = (
				D77FF84D2565853900C4E93C /* AccountModel.swift */,
				D707B2AC256B003400774DCB /* Transactions.swift */,
			);
			path = Model;
			sourceTree = "<group>";
		};
		D77FF8482565847A00C4E93C /* AppDefaults */ = {
			isa = PBXGroup;
			children = (
				D77FF831256582BC00C4E93C /* AppDelegate.swift */,
				D77FF833256582BC00C4E93C /* SceneDelegate.swift */,
				D77FF83A256582BF00C4E93C /* Assets.xcassets */,
			);
			path = AppDefaults;
			sourceTree = "<group>";
		};
		D77FF8492565849E00C4E93C /* Storyboards */ = {
			isa = PBXGroup;
			children = (
				D77FF837256582BC00C4E93C /* Main.storyboard */,
				D77FF83C256582BF00C4E93C /* LaunchScreen.storyboard */,
			);
			path = Storyboards;
			sourceTree = "<group>";
		};
		D77FF84A256584C300C4E93C /* JSON */ = {
			isa = PBXGroup;
			children = (
				D707B2AA256AE59300774DCB /* Transactions.json */,
				D77FF84B256584D900C4E93C /* Accounts.json */,
			);
			path = JSON;
			sourceTree = "<group>";
		};
		D77FF85125658E4600C4E93C /* Storyboard Elements */ = {
			isa = PBXGroup;
			children = (
				D77FF85225658EA100C4E93C /* AccountCellTableViewCell.swift */,
				D77FF85325658EA100C4E93C /* AccountCellTableViewCell.xib */,
			);
			path = "Storyboard Elements";
			sourceTree = "<group>";
		};
/* End PBXGroup section */

/* Begin PBXNativeTarget section */
		D77FF82D256582BC00C4E93C /* FirstCEPUIKit */ = {
			isa = PBXNativeTarget;
			buildConfigurationList = D77FF842256582BF00C4E93C /* Build configuration list for PBXNativeTarget "FirstCEPUIKit" */;
			buildPhases = (
				D77FF82A256582BC00C4E93C /* Sources */,
				D77FF82B256582BC00C4E93C /* Frameworks */,
				D77FF82C256582BC00C4E93C /* Resources */,
			);
			buildRules = (
			);
			dependencies = (
			);
			name = FirstCEPUIKit;
			productName = FirstCEPUIKit;
			productReference = D77FF82E256582BC00C4E93C /* FirstCEPUIKit.app */;
			productType = "com.apple.product-type.application";
		};
/* End PBXNativeTarget section */

/* Begin PBXProject section */
		D77FF826256582BC00C4E93C /* Project object */ = {
			isa = PBXProject;
			attributes = {
				LastSwiftUpdateCheck = 1130;
				LastUpgradeCheck = 1130;
				ORGANIZATIONNAME = "The App Experts";
				TargetAttributes = {
					D77FF82D256582BC00C4E93C = {
						CreatedOnToolsVersion = 11.3.1;
					};
				};
			};
			buildConfigurationList = D77FF829256582BC00C4E93C /* Build configuration list for PBXProject "FirstCEPUIKit" */;
			compatibilityVersion = "Xcode 9.3";
			developmentRegion = en;
			hasScannedForEncodings = 0;
			knownRegions = (
				en,
				Base,
			);
			mainGroup = D77FF825256582BC00C4E93C;
			productRefGroup = D77FF82F256582BC00C4E93C /* Products */;
			projectDirPath = "";
			projectRoot = "";
			targets = (
				D77FF82D256582BC00C4E93C /* FirstCEPUIKit */,
			);
		};
/* End PBXProject section */

/* Begin PBXResourcesBuildPhase section */
		D77FF82C256582BC00C4E93C /* Resources */ = {
			isa = PBXResourcesBuildPhase;
			buildActionMask = 2147483647;
			files = (
				D77FF83E256582BF00C4E93C /* LaunchScreen.storyboard in Resources */,
				D77FF84C256584DA00C4E93C /* Accounts.json in Resources */,
				D707B2AB256AE59300774DCB /* Transactions.json in Resources */,
				D77FF83B256582BF00C4E93C /* Assets.xcassets in Resources */,
				D77FF839256582BC00C4E93C /* Main.storyboard in Resources */,
				D77FF85525658EA100C4E93C /* AccountCellTableViewCell.xib in Resources */,
			);
			runOnlyForDeploymentPostprocessing = 0;
		};
/* End PBXResourcesBuildPhase section */

/* Begin PBXSourcesBuildPhase section */
		D77FF82A256582BC00C4E93C /* Sources */ = {
			isa = PBXSourcesBuildPhase;
			buildActionMask = 2147483647;
			files = (
				D77FF836256582BC00C4E93C /* ViewController.swift in Sources */,
				D77FF832256582BC00C4E93C /* AppDelegate.swift in Sources */,
				D77FF834256582BC00C4E93C /* SceneDelegate.swift in Sources */,
				D77FF85425658EA100C4E93C /* AccountCellTableViewCell.swift in Sources */,
				D777459C2566B9A300F8DD06 /* DetailsViewController.swift in Sources */,
				D77FF84E2565853900C4E93C /* AccountModel.swift in Sources */,
				D707B2AD256B003400774DCB /* Transactions.swift in Sources */,
				D77FF850256585C300C4E93C /* APIServices.swift in Sources */,
			);
			runOnlyForDeploymentPostprocessing = 0;
		};
/* End PBXSourcesBuildPhase section */

/* Begin PBXVariantGroup section */
		D77FF837256582BC00C4E93C /* Main.storyboard */ = {
			isa = PBXVariantGroup;
			children = (
				D77FF838256582BC00C4E93C /* Base */,
			);
			name = Main.storyboard;
			sourceTree = "<group>";
		};
		D77FF83C256582BF00C4E93C /* LaunchScreen.storyboard */ = {
			isa = PBXVariantGroup;
			children = (
				D77FF83D256582BF00C4E93C /* Base */,
			);
			name = LaunchScreen.storyboard;
			sourceTree = "<group>";
		};
/* End PBXVariantGroup section */

/* Begin XCBuildConfiguration section */
		D77FF840256582BF00C4E93C /* Debug */ = {
			isa = XCBuildConfiguration;
			buildSettings = {
				ALWAYS_SEARCH_USER_PATHS = NO;
				CLANG_ANALYZER_NONNULL = YES;
				CLANG_ANALYZER_NUMBER_OBJECT_CONVERSION = YES_AGGRESSIVE;
				CLANG_CXX_LANGUAGE_STANDARD = "gnu++14";
				CLANG_CXX_LIBRARY = "libc++";
				CLANG_ENABLE_MODULES = YES;
				CLANG_ENABLE_OBJC_ARC = YES;
				CLANG_ENABLE_OBJC_WEAK = YES;
				CLANG_WARN_BLOCK_CAPTURE_AUTORELEASING = YES;
				CLANG_WARN_BOOL_CONVERSION = YES;
				CLANG_WARN_COMMA = YES;
				CLANG_WARN_CONSTANT_CONVERSION = YES;
				CLANG_WARN_DEPRECATED_OBJC_IMPLEMENTATIONS = YES;
				CLANG_WARN_DIRECT_OBJC_ISA_USAGE = YES_ERROR;
				CLANG_WARN_DOCUMENTATION_COMMENTS = YES;
				CLANG_WARN_EMPTY_BODY = YES;
				CLANG_WARN_ENUM_CONVERSION = YES;
				CLANG_WARN_INFINITE_RECURSION = YES;
				CLANG_WARN_INT_CONVERSION = YES;
				CLANG_WARN_NON_LITERAL_NULL_CONVERSION = YES;
				CLANG_WARN_OBJC_IMPLICIT_RETAIN_SELF = YES;
				CLANG_WARN_OBJC_LITERAL_CONVERSION = YES;
				CLANG_WARN_OBJC_ROOT_CLASS = YES_ERROR;
				CLANG_WARN_RANGE_LOOP_ANALYSIS = YES;
				CLANG_WARN_STRICT_PROTOTYPES = YES;
				CLANG_WARN_SUSPICIOUS_MOVE = YES;
				CLANG_WARN_UNGUARDED_AVAILABILITY = YES_AGGRESSIVE;
				CLANG_WARN_UNREACHABLE_CODE = YES;
				CLANG_WARN__DUPLICATE_METHOD_MATCH = YES;
				COPY_PHASE_STRIP = NO;
				DEBUG_INFORMATION_FORMAT = dwarf;
				ENABLE_STRICT_OBJC_MSGSEND = YES;
				ENABLE_TESTABILITY = YES;
				GCC_C_LANGUAGE_STANDARD = gnu11;
				GCC_DYNAMIC_NO_PIC = NO;
				GCC_NO_COMMON_BLOCKS = YES;
				GCC_OPTIMIZATION_LEVEL = 0;
				GCC_PREPROCESSOR_DEFINITIONS = (
					"DEBUG=1",
					"$(inherited)",
				);
				GCC_WARN_64_TO_32_BIT_CONVERSION = YES;
				GCC_WARN_ABOUT_RETURN_TYPE = YES_ERROR;
				GCC_WARN_UNDECLARED_SELECTOR = YES;
				GCC_WARN_UNINITIALIZED_AUTOS = YES_AGGRESSIVE;
				GCC_WARN_UNUSED_FUNCTION = YES;
				GCC_WARN_UNUSED_VARIABLE = YES;
				IPHONEOS_DEPLOYMENT_TARGET = 13.2;
				MTL_ENABLE_DEBUG_INFO = INCLUDE_SOURCE;
				MTL_FAST_MATH = YES;
				ONLY_ACTIVE_ARCH = YES;
				SDKROOT = iphoneos;
				SWIFT_ACTIVE_COMPILATION_CONDITIONS = DEBUG;
				SWIFT_OPTIMIZATION_LEVEL = "-Onone";
			};
			name = Debug;
		};
		D77FF841256582BF00C4E93C /* Release */ = {
			isa = XCBuildConfiguration;
			buildSettings = {
				ALWAYS_SEARCH_USER_PATHS = NO;
				CLANG_ANALYZER_NONNULL = YES;
				CLANG_ANALYZER_NUMBER_OBJECT_CONVERSION = YES_AGGRESSIVE;
				CLANG_CXX_LANGUAGE_STANDARD = "gnu++14";
				CLANG_CXX_LIBRARY = "libc++";
				CLANG_ENABLE_MODULES = YES;
				CLANG_ENABLE_OBJC_ARC = YES;
				CLANG_ENABLE_OBJC_WEAK = YES;
				CLANG_WARN_BLOCK_CAPTURE_AUTORELEASING = YES;
				CLANG_WARN_BOOL_CONVERSION = YES;
				CLANG_WARN_COMMA = YES;
				CLANG_WARN_CONSTANT_CONVERSION = YES;
				CLANG_WARN_DEPRECATED_OBJC_IMPLEMENTATIONS = YES;
				CLANG_WARN_DIRECT_OBJC_ISA_USAGE = YES_ERROR;
				CLANG_WARN_DOCUMENTATION_COMMENTS = YES;
				CLANG_WARN_EMPTY_BODY = YES;
				CLANG_WARN_ENUM_CONVERSION = YES;
				CLANG_WARN_INFINITE_RECURSION = YES;
				CLANG_WARN_INT_CONVERSION = YES;
				CLANG_WARN_NON_LITERAL_NULL_CONVERSION = YES;
				CLANG_WARN_OBJC_IMPLICIT_RETAIN_SELF = YES;
				CLANG_WARN_OBJC_LITERAL_CONVERSION = YES;
				CLANG_WARN_OBJC_ROOT_CLASS = YES_ERROR;
				CLANG_WARN_RANGE_LOOP_ANALYSIS = YES;
				CLANG_WARN_STRICT_PROTOTYPES = YES;
				CLANG_WARN_SUSPICIOUS_MOVE = YES;
				CLANG_WARN_UNGUARDED_AVAILABILITY = YES_AGGRESSIVE;
				CLANG_WARN_UNREACHABLE_CODE = YES;
				CLANG_WARN__DUPLICATE_METHOD_MATCH = YES;
				COPY_PHASE_STRIP = NO;
				DEBUG_INFORMATION_FORMAT = "dwarf-with-dsym";
				ENABLE_NS_ASSERTIONS = NO;
				ENABLE_STRICT_OBJC_MSGSEND = YES;
				GCC_C_LANGUAGE_STANDARD = gnu11;
				GCC_NO_COMMON_BLOCKS = YES;
				GCC_WARN_64_TO_32_BIT_CONVERSION = YES;
				GCC_WARN_ABOUT_RETURN_TYPE = YES_ERROR;
				GCC_WARN_UNDECLARED_SELECTOR = YES;
				GCC_WARN_UNINITIALIZED_AUTOS = YES_AGGRESSIVE;
				GCC_WARN_UNUSED_FUNCTION = YES;
				GCC_WARN_UNUSED_VARIABLE = YES;
				IPHONEOS_DEPLOYMENT_TARGET = 13.2;
				MTL_ENABLE_DEBUG_INFO = NO;
				MTL_FAST_MATH = YES;
				SDKROOT = iphoneos;
				SWIFT_COMPILATION_MODE = wholemodule;
				SWIFT_OPTIMIZATION_LEVEL = "-O";
				VALIDATE_PRODUCT = YES;
			};
			name = Release;
		};
		D77FF843256582BF00C4E93C /* Debug */ = {
			isa = XCBuildConfiguration;
			buildSettings = {
				ASSETCATALOG_COMPILER_APPICON_NAME = AppIcon;
				CODE_SIGN_STYLE = Automatic;
				DEVELOPMENT_TEAM = V4B9WRAZKW;
				INFOPLIST_FILE = FirstCEPUIKit/Info.plist;
				LD_RUNPATH_SEARCH_PATHS = (
					"$(inherited)",
					"@executable_path/Frameworks",
				);
				PRODUCT_BUNDLE_IDENTIFIER = eu.rjch.FirstCEPUIKit;
				PRODUCT_NAME = "$(TARGET_NAME)";
				SWIFT_VERSION = 5.0;
				TARGETED_DEVICE_FAMILY = "1,2";
			};
			name = Debug;
		};
		D77FF844256582BF00C4E93C /* Release */ = {
			isa = XCBuildConfiguration;
			buildSettings = {
				ASSETCATALOG_COMPILER_APPICON_NAME = AppIcon;
				CODE_SIGN_STYLE = Automatic;
				DEVELOPMENT_TEAM = V4B9WRAZKW;
				INFOPLIST_FILE = FirstCEPUIKit/Info.plist;
				LD_RUNPATH_SEARCH_PATHS = (
					"$(inherited)",
					"@executable_path/Frameworks",
				);
				PRODUCT_BUNDLE_IDENTIFIER = eu.rjch.FirstCEPUIKit;
				PRODUCT_NAME = "$(TARGET_NAME)";
				SWIFT_VERSION = 5.0;
				TARGETED_DEVICE_FAMILY = "1,2";
			};
			name = Release;
		};
/* End XCBuildConfiguration section */

/* Begin XCConfigurationList section */
		D77FF829256582BC00C4E93C /* Build configuration list for PBXProject "FirstCEPUIKit" */ = {
			isa = XCConfigurationList;
			buildConfigurations = (
				D77FF840256582BF00C4E93C /* Debug */,
				D77FF841256582BF00C4E93C /* Release */,
			);
			defaultConfigurationIsVisible = 0;
			defaultConfigurationName = Release;
		};
		D77FF842256582BF00C4E93C /* Build configuration list for PBXNativeTarget "FirstCEPUIKit" */ = {
			isa = XCConfigurationList;
			buildConfigurations = (
				D77FF843256582BF00C4E93C /* Debug */,
				D77FF844256582BF00C4E93C /* Release */,
			);
			defaultConfigurationIsVisible = 0;
			defaultConfigurationName = Release;
		};
/* End XCConfigurationList section */
	};
	rootObject = D77FF826256582BC00C4E93C /* Project object */;
}
